
Microsoft Visual Studio Solution File, Format Version 11.00
# Visual Studio 2010
Project("{FAE04EC0-301F-11D3-BF4B-00C04F79EFBC}") = "Travlexer.WindowsPhone", "Travlexer.WindowsPhone\Travlexer.WindowsPhone.csproj", "{FA109FC3-77E0-4C8D-BE04-9C660DB18634}"
EndProject
Project("{FAE04EC0-301F-11D3-BF4B-00C04F79EFBC}") = "Codify", "Codify\Codify.csproj", "{D410E698-3733-4558-9844-761EAAC04BAF}"
EndProject
Project("{FAE04EC0-301F-11D3-BF4B-00C04F79EFBC}") = "Travlexer.WindowsPhone.Infrastructure", "Travlexer.WindowsPhone.Infrastructure\Travlexer.WindowsPhone.Infrastructure.csproj", "{6E495B32-0B3C-4677-A2E1-53F76E7FFE4C}"
EndProject
Project("{FAE04EC0-301F-11D3-BF4B-00C04F79EFBC}") = "Codify.GoogleMaps", "Codify.GoogleMaps\Codify.GoogleMaps.csproj", "{8534BCF0-F61A-46E8-8ADE-F9841F9594FE}"
EndProject
Project("{FAE04EC0-301F-11D3-BF4B-00C04F79EFBC}") = "Codify.WindowsPhone", "Codify.WindowsPhone\Codify.WindowsPhone.csproj", "{B8D26238-C61A-46BA-8BC7-9A6C4AAEDAEC}"
EndProject
Project("{FAE04EC0-301F-11D3-BF4B-00C04F79EFBC}") = "Travlexer.Data", "Travlexer.Data\Travlexer.Data.csproj", "{E47E5806-0122-4651-A8D0-5D5EB012F9A4}"
EndProject
Project("{FAE04EC0-301F-11D3-BF4B-00C04F79EFBC}") = "Codify.Core", "Codify.Core\Codify.Core.csproj", "{CCE5758D-ABAB-40FF-99D8-2825D5574802}"
EndProject
Project("{FAE04EC0-301F-11D3-BF4B-00C04F79EFBC}") = "Codify.Storage", "Codify.Storage\Codify.Storage.csproj", "{D7229A58-C894-4D0A-B744-0EBF2433C8F3}"
EndProject
Project("{FAE04EC0-301F-11D3-BF4B-00C04F79EFBC}") = "Codify.Serialization", "Codify.Serialization\Codify.Serialization.csproj", "{D0C9AEE2-51E0-4280-B3A0-DB13D0F033E0}"
EndProject
Global
	GlobalSection(SolutionConfigurationPlatforms) = preSolution
		AutomatedRelease|Any CPU = AutomatedRelease|Any CPU
		AutomatedRelease|Mixed Platforms = AutomatedRelease|Mixed Platforms
		AutomatedRelease|Windows Phone = AutomatedRelease|Windows Phone
		Debug|Any CPU = Debug|Any CPU
		Debug|Mixed Platforms = Debug|Mixed Platforms
		Debug|Windows Phone = Debug|Windows Phone
		Release|Any CPU = Release|Any CPU
		Release|Mixed Platforms = Release|Mixed Platforms
		Release|Windows Phone = Release|Windows Phone
	EndGlobalSection
	GlobalSection(ProjectConfigurationPlatforms) = postSolution
		{FA109FC3-77E0-4C8D-BE04-9C660DB18634}.AutomatedRelease|Any CPU.ActiveCfg = Release|Any CPU
		{FA109FC3-77E0-4C8D-BE04-9C660DB18634}.AutomatedRelease|Any CPU.Build.0 = Release|Any CPU
		{FA109FC3-77E0-4C8D-BE04-9C660DB18634}.AutomatedRelease|Any CPU.Deploy.0 = Release|Any CPU
		{FA109FC3-77E0-4C8D-BE04-9C660DB18634}.AutomatedRelease|Mixed Platforms.ActiveCfg = Release|Any CPU
		{FA109FC3-77E0-4C8D-BE04-9C660DB18634}.AutomatedRelease|Mixed Platforms.Build.0 = Release|Any CPU
		{FA109FC3-77E0-4C8D-BE04-9C660DB18634}.AutomatedRelease|Mixed Platforms.Deploy.0 = Release|Any CPU
		{FA109FC3-77E0-4C8D-BE04-9C660DB18634}.AutomatedRelease|Windows Phone.ActiveCfg = Release|Any CPU
		{FA109FC3-77E0-4C8D-BE04-9C660DB18634}.Debug|Any CPU.ActiveCfg = Debug|Any CPU
		{FA109FC3-77E0-4C8D-BE04-9C660DB18634}.Debug|Any CPU.Build.0 = Debug|Any CPU
		{FA109FC3-77E0-4C8D-BE04-9C660DB18634}.Debug|Any CPU.Deploy.0 = Debug|Any CPU
		{FA109FC3-77E0-4C8D-BE04-9C660DB18634}.Debug|Mixed Platforms.ActiveCfg = Debug|Any CPU
		{FA109FC3-77E0-4C8D-BE04-9C660DB18634}.Debug|Mixed Platforms.Build.0 = Debug|Any CPU
		{FA109FC3-77E0-4C8D-BE04-9C660DB18634}.Debug|Mixed Platforms.Deploy.0 = Debug|Any CPU
		{FA109FC3-77E0-4C8D-BE04-9C660DB18634}.Debug|Windows Phone.ActiveCfg = Debug|Any CPU
		{FA109FC3-77E0-4C8D-BE04-9C660DB18634}.Release|Any CPU.ActiveCfg = Release|Any CPU
		{FA109FC3-77E0-4C8D-BE04-9C660DB18634}.Release|Any CPU.Build.0 = Release|Any CPU
		{FA109FC3-77E0-4C8D-BE04-9C660DB18634}.Release|Any CPU.Deploy.0 = Release|Any CPU
		{FA109FC3-77E0-4C8D-BE04-9C660DB18634}.Release|Mixed Platforms.ActiveCfg = Release|Any CPU
		{FA109FC3-77E0-4C8D-BE04-9C660DB18634}.Release|Mixed Platforms.Build.0 = Release|Any CPU
		{FA109FC3-77E0-4C8D-BE04-9C660DB18634}.Release|Mixed Platforms.Deploy.0 = Release|Any CPU
		{FA109FC3-77E0-4C8D-BE04-9C660DB18634}.Release|Windows Phone.ActiveCfg = Release|Any CPU
		{D410E698-3733-4558-9844-761EAAC04BAF}.AutomatedRelease|Any CPU.ActiveCfg = Release|Any CPU
		{D410E698-3733-4558-9844-761EAAC04BAF}.AutomatedRelease|Any CPU.Build.0 = Release|Any CPU
		{D410E698-3733-4558-9844-761EAAC04BAF}.AutomatedRelease|Mixed Platforms.ActiveCfg = Release|Any CPU
		{D410E698-3733-4558-9844-761EAAC04BAF}.AutomatedRelease|Mixed Platforms.Build.0 = Release|Any CPU
		{D410E698-3733-4558-9844-761EAAC04BAF}.AutomatedRelease|Windows Phone.ActiveCfg = Release|Any CPU
		{D410E698-3733-4558-9844-761EAAC04BAF}.Debug|Any CPU.ActiveCfg = Debug|Any CPU
		{D410E698-3733-4558-9844-761EAAC04BAF}.Debug|Any CPU.Build.0 = Debug|Any CPU
		{D410E698-3733-4558-9844-761EAAC04BAF}.Debug|Mixed Platforms.ActiveCfg = Debug|Any CPU
		{D410E698-3733-4558-9844-761EAAC04BAF}.Debug|Mixed Platforms.Build.0 = Debug|Any CPU
		{D410E698-3733-4558-9844-761EAAC04BAF}.Debug|Windows Phone.ActiveCfg = Debug|Any CPU
		{D410E698-3733-4558-9844-761EAAC04BAF}.Release|Any CPU.ActiveCfg = Release|Any CPU
		{D410E698-3733-4558-9844-761EAAC04BAF}.Release|Any CPU.Build.0 = Release|Any CPU
		{D410E698-3733-4558-9844-761EAAC04BAF}.Release|Mixed Platforms.ActiveCfg = Release|Any CPU
		{D410E698-3733-4558-9844-761EAAC04BAF}.Release|Mixed Platforms.Build.0 = Release|Any CPU
		{D410E698-3733-4558-9844-761EAAC04BAF}.Release|Windows Phone.ActiveCfg = Release|Any CPU
		{6E495B32-0B3C-4677-A2E1-53F76E7FFE4C}.AutomatedRelease|Any CPU.ActiveCfg = Release|Any CPU
		{6E495B32-0B3C-4677-A2E1-53F76E7FFE4C}.AutomatedRelease|Any CPU.Build.0 = Release|Any CPU
		{6E495B32-0B3C-4677-A2E1-53F76E7FFE4C}.AutomatedRelease|Mixed Platforms.ActiveCfg = Release|Any CPU
		{6E495B32-0B3C-4677-A2E1-53F76E7FFE4C}.AutomatedRelease|Mixed Platforms.Build.0 = Release|Any CPU
		{6E495B32-0B3C-4677-A2E1-53F76E7FFE4C}.AutomatedRelease|Windows Phone.ActiveCfg = Release|Any CPU
		{6E495B32-0B3C-4677-A2E1-53F76E7FFE4C}.Debug|Any CPU.ActiveCfg = Debug|Any CPU
		{6E495B32-0B3C-4677-A2E1-53F76E7FFE4C}.Debug|Any CPU.Build.0 = Debug|Any CPU
		{6E495B32-0B3C-4677-A2E1-53F76E7FFE4C}.Debug|Mixed Platforms.ActiveCfg = Debug|Any CPU
		{6E495B32-0B3C-4677-A2E1-53F76E7FFE4C}.Debug|Mixed Platforms.Build.0 = Debug|Any CPU
		{6E495B32-0B3C-4677-A2E1-53F76E7FFE4C}.Debug|Windows Phone.ActiveCfg = Debug|Any CPU
		{6E495B32-0B3C-4677-A2E1-53F76E7FFE4C}.Release|Any CPU.ActiveCfg = Release|Any CPU
		{6E495B32-0B3C-4677-A2E1-53F76E7FFE4C}.Release|Any CPU.Build.0 = Release|Any CPU
		{6E495B32-0B3C-4677-A2E1-53F76E7FFE4C}.Release|Mixed Platforms.ActiveCfg = Release|Any CPU
		{6E495B32-0B3C-4677-A2E1-53F76E7FFE4C}.Release|Mixed Platforms.Build.0 = Release|Any CPU
		{6E495B32-0B3C-4677-A2E1-53F76E7FFE4C}.Release|Windows Phone.ActiveCfg = Release|Any CPU
		{8534BCF0-F61A-46E8-8ADE-F9841F9594FE}.AutomatedRelease|Any CPU.ActiveCfg = Release|Any CPU
		{8534BCF0-F61A-46E8-8ADE-F9841F9594FE}.AutomatedRelease|Any CPU.Build.0 = Release|Any CPU
		{8534BCF0-F61A-46E8-8ADE-F9841F9594FE}.AutomatedRelease|Mixed Platforms.ActiveCfg = Release|Any CPU
		{8534BCF0-F61A-46E8-8ADE-F9841F9594FE}.AutomatedRelease|Mixed Platforms.Build.0 = Release|Any CPU
		{8534BCF0-F61A-46E8-8ADE-F9841F9594FE}.AutomatedRelease|Windows Phone.ActiveCfg = Release|Any CPU
		{8534BCF0-F61A-46E8-8ADE-F9841F9594FE}.Debug|Any CPU.ActiveCfg = Debug|Any CPU
		{8534BCF0-F61A-46E8-8ADE-F9841F9594FE}.Debug|Any CPU.Build.0 = Debug|Any CPU
		{8534BCF0-F61A-46E8-8ADE-F9841F9594FE}.Debug|Mixed Platforms.ActiveCfg = Debug|Any CPU
		{8534BCF0-F61A-46E8-8ADE-F9841F9594FE}.Debug|Mixed Platforms.Build.0 = Debug|Any CPU
		{8534BCF0-F61A-46E8-8ADE-F9841F9594FE}.Debug|Windows Phone.ActiveCfg = Debug|Any CPU
		{8534BCF0-F61A-46E8-8ADE-F9841F9594FE}.Release|Any CPU.ActiveCfg = Release|Any CPU
		{8534BCF0-F61A-46E8-8ADE-F9841F9594FE}.Release|Any CPU.Build.0 = Release|Any CPU
		{8534BCF0-F61A-46E8-8ADE-F9841F9594FE}.Release|Mixed Platforms.ActiveCfg = Release|Any CPU
		{8534BCF0-F61A-46E8-8ADE-F9841F9594FE}.Release|Mixed Platforms.Build.0 = Release|Any CPU
		{8534BCF0-F61A-46E8-8ADE-F9841F9594FE}.Release|Windows Phone.ActiveCfg = Release|Any CPU
		{B8D26238-C61A-46BA-8BC7-9A6C4AAEDAEC}.AutomatedRelease|Any CPU.ActiveCfg = Release|Any CPU
		{B8D26238-C61A-46BA-8BC7-9A6C4AAEDAEC}.AutomatedRelease|Any CPU.Build.0 = Release|Any CPU
		{B8D26238-C61A-46BA-8BC7-9A6C4AAEDAEC}.AutomatedRelease|Mixed Platforms.ActiveCfg = Release|Any CPU
		{B8D26238-C61A-46BA-8BC7-9A6C4AAEDAEC}.AutomatedRelease|Mixed Platforms.Build.0 = Release|Any CPU
		{B8D26238-C61A-46BA-8BC7-9A6C4AAEDAEC}.AutomatedRelease|Windows Phone.ActiveCfg = Release|Any CPU
		{B8D26238-C61A-46BA-8BC7-9A6C4AAEDAEC}.Debug|Any CPU.ActiveCfg = Debug|Any CPU
		{B8D26238-C61A-46BA-8BC7-9A6C4AAEDAEC}.Debug|Any CPU.Build.0 = Debug|Any CPU
		{B8D26238-C61A-46BA-8BC7-9A6C4AAEDAEC}.Debug|Mixed Platforms.ActiveCfg = Debug|Any CPU
		{B8D26238-C61A-46BA-8BC7-9A6C4AAEDAEC}.Debug|Mixed Platforms.Build.0 = Debug|Any CPU
		{B8D26238-C61A-46BA-8BC7-9A6C4AAEDAEC}.Debug|Windows Phone.ActiveCfg = Debug|Any CPU
		{B8D26238-C61A-46BA-8BC7-9A6C4AAEDAEC}.Release|Any CPU.ActiveCfg = Release|Any CPU
		{B8D26238-C61A-46BA-8BC7-9A6C4AAEDAEC}.Release|Any CPU.Build.0 = Release|Any CPU
		{B8D26238-C61A-46BA-8BC7-9A6C4AAEDAEC}.Release|Mixed Platforms.ActiveCfg = Release|Any CPU
		{B8D26238-C61A-46BA-8BC7-9A6C4AAEDAEC}.Release|Mixed Platforms.Build.0 = Release|Any CPU
		{B8D26238-C61A-46BA-8BC7-9A6C4AAEDAEC}.Release|Windows Phone.ActiveCfg = Release|Any CPU
		{E47E5806-0122-4651-A8D0-5D5EB012F9A4}.AutomatedRelease|Any CPU.ActiveCfg = Release|Any CPU
		{E47E5806-0122-4651-A8D0-5D5EB012F9A4}.AutomatedRelease|Any CPU.Build.0 = Release|Any CPU
		{E47E5806-0122-4651-A8D0-5D5EB012F9A4}.AutomatedRelease|Mixed Platforms.ActiveCfg = Release|Any CPU
		{E47E5806-0122-4651-A8D0-5D5EB012F9A4}.AutomatedRelease|Mixed Platforms.Build.0 = Release|Any CPU
		{E47E5806-0122-4651-A8D0-5D5EB012F9A4}.AutomatedRelease|Windows Phone.ActiveCfg = Release|Any CPU
		{E47E5806-0122-4651-A8D0-5D5EB012F9A4}.Debug|Any CPU.ActiveCfg = Debug|Any CPU
		{E47E5806-0122-4651-A8D0-5D5EB012F9A4}.Debug|Any CPU.Build.0 = Debug|Any CPU
		{E47E5806-0122-4651-A8D0-5D5EB012F9A4}.Debug|Mixed Platforms.ActiveCfg = Debug|Any CPU
		{E47E5806-0122-4651-A8D0-5D5EB012F9A4}.Debug|Mixed Platforms.Build.0 = Debug|Any CPU
		{E47E5806-0122-4651-A8D0-5D5EB012F9A4}.Debug|Windows Phone.ActiveCfg = Debug|Any CPU
		{E47E5806-0122-4651-A8D0-5D5EB012F9A4}.Release|Any CPU.ActiveCfg = Release|Any CPU
		{E47E5806-0122-4651-A8D0-5D5EB012F9A4}.Release|Any CPU.Build.0 = Release|Any CPU
		{E47E5806-0122-4651-A8D0-5D5EB012F9A4}.Release|Mixed Platforms.ActiveCfg = Release|Any CPU
		{E47E5806-0122-4651-A8D0-5D5EB012F9A4}.Release|Mixed Platforms.Build.0 = Release|Any CPU
		{E47E5806-0122-4651-A8D0-5D5EB012F9A4}.Release|Windows Phone.ActiveCfg = Release|Any CPU
		{CCE5758D-ABAB-40FF-99D8-2825D5574802}.AutomatedRelease|Any CPU.ActiveCfg = Release|Any CPU
		{CCE5758D-ABAB-40FF-99D8-2825D5574802}.AutomatedRelease|Any CPU.Build.0 = Release|Any CPU
		{CCE5758D-ABAB-40FF-99D8-2825D5574802}.AutomatedRelease|Mixed Platforms.ActiveCfg = Release|Any CPU
		{CCE5758D-ABAB-40FF-99D8-2825D5574802}.AutomatedRelease|Mixed Platforms.Build.0 = Release|Any CPU
		{CCE5758D-ABAB-40FF-99D8-2825D5574802}.AutomatedRelease|Windows Phone.ActiveCfg = Release|Any CPU
		{CCE5758D-ABAB-40FF-99D8-2825D5574802}.Debug|Any CPU.ActiveCfg = Debug|Any CPU
		{CCE5758D-ABAB-40FF-99D8-2825D5574802}.Debug|Any CPU.Build.0 = Debug|Any CPU
		{CCE5758D-ABAB-40FF-99D8-2825D5574802}.Debug|Mixed Platforms.ActiveCfg = Debug|Any CPU
		{CCE5758D-ABAB-40FF-99D8-2825D5574802}.Debug|Mixed Platforms.Build.0 = Debug|Any CPU
		{CCE5758D-ABAB-40FF-99D8-2825D5574802}.Debug|Windows Phone.ActiveCfg = Debug|Any CPU
		{CCE5758D-ABAB-40FF-99D8-2825D5574802}.Release|Any CPU.ActiveCfg = Release|Any CPU
		{CCE5758D-ABAB-40FF-99D8-2825D5574802}.Release|Any CPU.Build.0 = Release|Any CPU
		{CCE5758D-ABAB-40FF-99D8-2825D5574802}.Release|Mixed Platforms.ActiveCfg = Release|Any CPU
		{CCE5758D-ABAB-40FF-99D8-2825D5574802}.Release|Mixed Platforms.Build.0 = Release|Any CPU
		{CCE5758D-ABAB-40FF-99D8-2825D5574802}.Release|Windows Phone.ActiveCfg = Release|Any CPU
		{D7229A58-C894-4D0A-B744-0EBF2433C8F3}.AutomatedRelease|Any CPU.ActiveCfg = Release|Any CPU
		{D7229A58-C894-4D0A-B744-0EBF2433C8F3}.AutomatedRelease|Any CPU.Build.0 = Release|Any CPU
		{D7229A58-C894-4D0A-B744-0EBF2433C8F3}.AutomatedRelease|Mixed Platforms.ActiveCfg = Release|Any CPU
		{D7229A58-C894-4D0A-B744-0EBF2433C8F3}.AutomatedRelease|Mixed Platforms.Build.0 = Release|Any CPU
		{D7229A58-C894-4D0A-B744-0EBF2433C8F3}.AutomatedRelease|Windows Phone.ActiveCfg = Release|Any CPU
		{D7229A58-C894-4D0A-B744-0EBF2433C8F3}.Debug|Any CPU.ActiveCfg = Debug|Any CPU
		{D7229A58-C894-4D0A-B744-0EBF2433C8F3}.Debug|Any CPU.Build.0 = Debug|Any CPU
		{D7229A58-C894-4D0A-B744-0EBF2433C8F3}.Debug|Mixed Platforms.ActiveCfg = Debug|Any CPU
		{D7229A58-C894-4D0A-B744-0EBF2433C8F3}.Debug|Mixed Platforms.Build.0 = Debug|Any CPU
		{D7229A58-C894-4D0A-B744-0EBF2433C8F3}.Debug|Windows Phone.ActiveCfg = Debug|Any CPU
		{D7229A58-C894-4D0A-B744-0EBF2433C8F3}.Release|Any CPU.ActiveCfg = Release|Any CPU
		{D7229A58-C894-4D0A-B744-0EBF2433C8F3}.Release|Any CPU.Build.0 = Release|Any CPU
		{D7229A58-C894-4D0A-B744-0EBF2433C8F3}.Release|Mixed Platforms.ActiveCfg = Release|Any CPU
		{D7229A58-C894-4D0A-B744-0EBF2433C8F3}.Release|Mixed Platforms.Build.0 = Release|Any CPU
		{D7229A58-C894-4D0A-B744-0EBF2433C8F3}.Release|Windows Phone.ActiveCfg = Release|Any CPU
		{D0C9AEE2-51E0-4280-B3A0-DB13D0F033E0}.AutomatedRelease|Any CPU.ActiveCfg = Release|Any CPU
		{D0C9AEE2-51E0-4280-B3A0-DB13D0F033E0}.AutomatedRelease|Any CPU.Build.0 = Release|Any CPU
		{D0C9AEE2-51E0-4280-B3A0-DB13D0F033E0}.AutomatedRelease|Mixed Platforms.ActiveCfg = Release|Any CPU
		{D0C9AEE2-51E0-4280-B3A0-DB13D0F033E0}.AutomatedRelease|Mixed Platforms.Build.0 = Release|Any CPU
		{D0C9AEE2-51E0-4280-B3A0-DB13D0F033E0}.AutomatedRelease|Windows Phone.ActiveCfg = Release|Any CPU
		{D0C9AEE2-51E0-4280-B3A0-DB13D0F033E0}.Debug|Any CPU.ActiveCfg = Debug|Any CPU
		{D0C9AEE2-51E0-4280-B3A0-DB13D0F033E0}.Debug|Any CPU.Build.0 = Debug|Any CPU
		{D0C9AEE2-51E0-4280-B3A0-DB13D0F033E0}.Debug|Mixed Platforms.ActiveCfg = Debug|Any CPU
		{D0C9AEE2-51E0-4280-B3A0-DB13D0F033E0}.Debug|Mixed Platforms.Build.0 = Debug|Any CPU
		{D0C9AEE2-51E0-4280-B3A0-DB13D0F033E0}.Debug|Windows Phone.ActiveCfg = Debug|Any CPU
		{D0C9AEE2-51E0-4280-B3A0-DB13D0F033E0}.Release|Any CPU.ActiveCfg = Release|Any CPU
		{D0C9AEE2-51E0-4280-B3A0-DB13D0F033E0}.Release|Any CPU.Build.0 = Release|Any CPU
		{D0C9AEE2-51E0-4280-B3A0-DB13D0F033E0}.Release|Mixed Platforms.ActiveCfg = Release|Any CPU
		{D0C9AEE2-51E0-4280-B3A0-DB13D0F033E0}.Release|Mixed Platforms.Build.0 = Release|Any CPU
		{D0C9AEE2-51E0-4280-B3A0-DB13D0F033E0}.Release|Windows Phone.ActiveCfg = Release|Any CPU
	EndGlobalSection
	GlobalSection(SolutionProperties) = preSolution
		HideSolutionNode = FALSE
	EndGlobalSection
EndGlobal
