
Microsoft Visual Studio Solution File, Format Version 11.00
# Visual Studio 2010
Project("{FAE04EC0-301F-11D3-BF4B-00C04F79EFBC}") = "Travlexer.WindowsPhone", "Travlexer.WindowsPhone\Travlexer.WindowsPhone.csproj", "{FA109FC3-77E0-4C8D-BE04-9C660DB18634}"
EndProject
Project("{FAE04EC0-301F-11D3-BF4B-00C04F79EFBC}") = "Codify", "Codify\Codify.csproj", "{D410E698-3733-4558-9844-761EAAC04BAF}"
EndProject
Project("{FAE04EC0-301F-11D3-BF4B-00C04F79EFBC}") = "Travlexer.WindowsPhone.Infrastructure", "Travlexer.WindowsPhone.Infrastructure\Travlexer.WindowsPhone.Infrastructure.csproj", "{6E495B32-0B3C-4677-A2E1-53F76E7FFE4C}"
EndProject
Project("{FAE04EC0-301F-11D3-BF4B-00C04F79EFBC}") = "Codify.GoogleMaps", "Codify.GoogleMaps\Codify.GoogleMaps.csproj", "{8534BCF0-F61A-46E8-8ADE-F9841F9594FE}"
EndProject
Project("{FAE04EC0-301F-11D3-BF4B-00C04F79EFBC}") = "Codify.WindowsPhone", "Codify.WindowsPhone\Codify.WindowsPhone.csproj", "{B8D26238-C61A-46BA-8BC7-9A6C4AAEDAEC}"
EndProject
Global
	GlobalSection(SolutionConfigurationPlatforms) = preSolution
		Debug|Any CPU = Debug|Any CPU
		Release|Any CPU = Release|Any CPU
	EndGlobalSection
	GlobalSection(ProjectConfigurationPlatforms) = postSolution
		{FA109FC3-77E0-4C8D-BE04-9C660DB18634}.Debug|Any CPU.ActiveCfg = Debug|Any CPU
		{FA109FC3-77E0-4C8D-BE04-9C660DB18634}.Debug|Any CPU.Build.0 = Debug|Any CPU
		{FA109FC3-77E0-4C8D-BE04-9C660DB18634}.Debug|Any CPU.Deploy.0 = Debug|Any CPU
		{FA109FC3-77E0-4C8D-BE04-9C660DB18634}.Release|Any CPU.ActiveCfg = Release|Any CPU
		{FA109FC3-77E0-4C8D-BE04-9C660DB18634}.Release|Any CPU.Build.0 = Release|Any CPU
		{FA109FC3-77E0-4C8D-BE04-9C660DB18634}.Release|Any CPU.Deploy.0 = Release|Any CPU
		{D410E698-3733-4558-9844-761EAAC04BAF}.Debug|Any CPU.ActiveCfg = Debug|Any CPU
		{D410E698-3733-4558-9844-761EAAC04BAF}.Debug|Any CPU.Build.0 = Debug|Any CPU
		{D410E698-3733-4558-9844-761EAAC04BAF}.Release|Any CPU.ActiveCfg = Release|Any CPU
		{D410E698-3733-4558-9844-761EAAC04BAF}.Release|Any CPU.Build.0 = Release|Any CPU
		{6E495B32-0B3C-4677-A2E1-53F76E7FFE4C}.Debug|Any CPU.ActiveCfg = Debug|Any CPU
		{6E495B32-0B3C-4677-A2E1-53F76E7FFE4C}.Debug|Any CPU.Build.0 = Debug|Any CPU
		{6E495B32-0B3C-4677-A2E1-53F76E7FFE4C}.Release|Any CPU.ActiveCfg = Release|Any CPU
		{6E495B32-0B3C-4677-A2E1-53F76E7FFE4C}.Release|Any CPU.Build.0 = Release|Any CPU
		{8534BCF0-F61A-46E8-8ADE-F9841F9594FE}.Debug|Any CPU.ActiveCfg = Debug|Any CPU
		{8534BCF0-F61A-46E8-8ADE-F9841F9594FE}.Debug|Any CPU.Build.0 = Debug|Any CPU
		{8534BCF0-F61A-46E8-8ADE-F9841F9594FE}.Release|Any CPU.ActiveCfg = Release|Any CPU
		{8534BCF0-F61A-46E8-8ADE-F9841F9594FE}.Release|Any CPU.Build.0 = Release|Any CPU
		{B8D26238-C61A-46BA-8BC7-9A6C4AAEDAEC}.Debug|Any CPU.ActiveCfg = Debug|Any CPU
		{B8D26238-C61A-46BA-8BC7-9A6C4AAEDAEC}.Debug|Any CPU.Build.0 = Debug|Any CPU
		{B8D26238-C61A-46BA-8BC7-9A6C4AAEDAEC}.Release|Any CPU.ActiveCfg = Release|Any CPU
		{B8D26238-C61A-46BA-8BC7-9A6C4AAEDAEC}.Release|Any CPU.Build.0 = Release|Any CPU
	EndGlobalSection
	GlobalSection(SolutionProperties) = preSolution
		HideSolutionNode = FALSE
	EndGlobalSection
EndGlobal
